dependencies:
- name: dashboard
  repository: file://../../../../chart/dashboard
  version: 0.1.0+master
- name: stack
  repository: https://presslabs.github.io/charts/
  version: v0.5.1
digest: sha256:e4a7b59322af42d4c34506d4b2dca6336412f5161cf776a9640ec07d994a5cc7
generated: 2019-09-10T17:43:19.117089486+03:00
