dependencies:
- name: dashboard
  repository: file://../../../../chart/dashboard
  version: 0.1.0+master
- name: stack
  repository: https://presslabs.github.io/charts/
  version: v0.4.0
digest: sha256:dccf299c34cb3b8374df5280db3907d64f4d78f57cfa6840bdfe94468fd3110b
generated: 2019-08-21T15:30:01.239957574+03:00
